
Microsoft Visual Studio Solution File, Format Version 12.00
# Visual Studio 15
VisualStudioVersion = 15.0.28307.1433
MinimumVisualStudioVersion = 10.0.40219.1
Project("{00D1A9C2-B5F0-4AF3-8072-F6C62B433612}") = "MS_AnnualLeave", "MS_AnnualLeave\MS_AnnualLeave.sqlproj", "{9083D85D-2926-4773-833D-8F8352D13E9F}"
EndProject
Global
	GlobalSection(SolutionConfigurationPlatforms) = preSolution
		Debug|Any CPU = Debug|Any CPU
		Release|Any CPU = Release|Any CPU
	EndGlobalSection
	GlobalSection(ProjectConfigurationPlatforms) = postSolution
		{9083D85D-2926-4773-833D-8F8352D13E9F}.Debug|Any CPU.ActiveCfg = Debug|Any CPU
		{9083D85D-2926-4773-833D-8F8352D13E9F}.Debug|Any CPU.Build.0 = Debug|Any CPU
		{9083D85D-2926-4773-833D-8F8352D13E9F}.Debug|Any CPU.Deploy.0 = Debug|Any CPU
		{9083D85D-2926-4773-833D-8F8352D13E9F}.Release|Any CPU.ActiveCfg = Release|Any CPU
		{9083D85D-2926-4773-833D-8F8352D13E9F}.Release|Any CPU.Build.0 = Release|Any CPU
		{9083D85D-2926-4773-833D-8F8352D13E9F}.Release|Any CPU.Deploy.0 = Release|Any CPU
	EndGlobalSection
	GlobalSection(SolutionProperties) = preSolution
		HideSolutionNode = FALSE
	EndGlobalSection
	GlobalSection(ExtensibilityGlobals) = postSolution
		SolutionGuid = {0EBAC6D6-D04B-49EB-BF72-51F43E00E887}
	EndGlobalSection
EndGlobal
